
Microsoft Visual Studio Solution File, Format Version 12.00
# Visual Studio Version 17
VisualStudioVersion = 17.1.31911.260
MinimumVisualStudioVersion = 10.0.40219.1
Project("{FAE04EC0-301F-11D3-BF4B-00C04F79EFBC}") = "Indexer", "Indexer2\Indexer.csproj", "{A0F68703-0D60-4E51-BD69-D7276AB04415}"
EndProject
Global
	GlobalSection(SolutionConfigurationPlatforms) = preSolution
		Debug|Any CPU = Debug|Any CPU
		Release|Any CPU = Release|Any CPU
	EndGlobalSection
	GlobalSection(ProjectConfigurationPlatforms) = postSolution
		{A0F68703-0D60-4E51-BD69-D7276AB04415}.Debug|Any CPU.ActiveCfg = Debug|Any CPU
		{A0F68703-0D60-4E51-BD69-D7276AB04415}.Debug|Any CPU.Build.0 = Debug|Any CPU
		{A0F68703-0D60-4E51-BD69-D7276AB04415}.Release|Any CPU.ActiveCfg = Release|Any CPU
		{A0F68703-0D60-4E51-BD69-D7276AB04415}.Release|Any CPU.Build.0 = Release|Any CPU
	EndGlobalSection
	GlobalSection(SolutionProperties) = preSolution
		HideSolutionNode = FALSE
	EndGlobalSection
	GlobalSection(ExtensibilityGlobals) = postSolution
		SolutionGuid = {96580FF2-9503-4E19-ABF6-C1F3FA88CD08}
	EndGlobalSection
EndGlobal
